// !$*UTF8*$!
{
	archiveVersion = 1;
	classes = {
	};
	objectVersion = 46;
	objects = {

/* Begin PBXBuildFile section */
		850F56F32556EC630015DEE6 /* Rhombus.swift in Sources */ = {isa = PBXBuildFile; fileRef = 850F56F22556EC630015DEE6 /* Rhombus.swift */; };
		857CFFCF2549B24C009DBB5A /* Point.swift in Sources */ = {isa = PBXBuildFile; fileRef = 857CFFCE2549B24C009DBB5A /* Point.swift */; };
		857CFFD22549B31F009DBB5A /* Glyph.swift in Sources */ = {isa = PBXBuildFile; fileRef = 857CFFD12549B31F009DBB5A /* Glyph.swift */; };
		857CFFD82549B4CF009DBB5A /* Square.swift in Sources */ = {isa = PBXBuildFile; fileRef = 857CFFD72549B4CF009DBB5A /* Square.swift */; };
		857CFFE42549BD87009DBB5A /* Circle.swift in Sources */ = {isa = PBXBuildFile; fileRef = 857CFFE32549BD87009DBB5A /* Circle.swift */; };
		857CFFE72549BDA8009DBB5A /* Triangle.swift in Sources */ = {isa = PBXBuildFile; fileRef = 857CFFE62549BDA8009DBB5A /* Triangle.swift */; };
		9DC306B119E7F1380052F5F1 /* AppDelegate.swift in Sources */ = {isa = PBXBuildFile; fileRef = 9DC306B019E7F1380052F5F1 /* AppDelegate.swift */; };
		9DC306B319E7F1380052F5F1 /* ViewController.swift in Sources */ = {isa = PBXBuildFile; fileRef = 9DC306B219E7F1380052F5F1 /* ViewController.swift */; };
		9DC306B619E7F1380052F5F1 /* Main.storyboard in Resources */ = {isa = PBXBuildFile; fileRef = 9DC306B419E7F1380052F5F1 /* Main.storyboard */; };
		9DC306B819E7F1380052F5F1 /* Images.xcassets in Resources */ = {isa = PBXBuildFile; fileRef = 9DC306B719E7F1380052F5F1 /* Images.xcassets */; };
		9DC306BB19E7F1380052F5F1 /* LaunchScreen.xib in Resources */ = {isa = PBXBuildFile; fileRef = 9DC306B919E7F1380052F5F1 /* LaunchScreen.xib */; };
		9DC306D319E7F4CD0052F5F1 /* GlyphView.swift in Sources */ = {isa = PBXBuildFile; fileRef = 9DC306D219E7F4CD0052F5F1 /* GlyphView.swift */; };
		9DC306D519E7FB810052F5F1 /* Drawing.swift in Sources */ = {isa = PBXBuildFile; fileRef = 9DC306D419E7FB810052F5F1 /* Drawing.swift */; };
		9DC306D719E7FF780052F5F1 /* DrawHelper.swift in Sources */ = {isa = PBXBuildFile; fileRef = 9DC306D619E7FF780052F5F1 /* DrawHelper.swift */; };
/* End PBXBuildFile section */

/* Begin PBXFileReference section */
		850F56F22556EC630015DEE6 /* Rhombus.swift */ = {isa = PBXFileReference; lastKnownFileType = sourcecode.swift; path = Rhombus.swift; sourceTree = "<group>"; };
		857CFFCE2549B24C009DBB5A /* Point.swift */ = {isa = PBXFileReference; lastKnownFileType = sourcecode.swift; path = Point.swift; sourceTree = "<group>"; };
		857CFFD12549B31F009DBB5A /* Glyph.swift */ = {isa = PBXFileReference; lastKnownFileType = sourcecode.swift; path = Glyph.swift; sourceTree = "<group>"; };
		857CFFD72549B4CF009DBB5A /* Square.swift */ = {isa = PBXFileReference; lastKnownFileType = sourcecode.swift; path = Square.swift; sourceTree = "<group>"; };
		857CFFE32549BD87009DBB5A /* Circle.swift */ = {isa = PBXFileReference; lastKnownFileType = sourcecode.swift; path = Circle.swift; sourceTree = "<group>"; };
		857CFFE62549BDA8009DBB5A /* Triangle.swift */ = {isa = PBXFileReference; lastKnownFileType = sourcecode.swift; path = Triangle.swift; sourceTree = "<group>"; };
		9DC306AB19E7F1380052F5F1 /* iOS2-Vorgabe.app */ = {isa = PBXFileReference; explicitFileType = wrapper.application; includeInIndex = 0; path = "iOS2-Vorgabe.app"; sourceTree = BUILT_PRODUCTS_DIR; };
		9DC306AF19E7F1380052F5F1 /* Info.plist */ = {isa = PBXFileReference; lastKnownFileType = text.plist.xml; path = Info.plist; sourceTree = "<group>"; };
		9DC306B019E7F1380052F5F1 /* AppDelegate.swift */ = {isa = PBXFileReference; lastKnownFileType = sourcecode.swift; path = AppDelegate.swift; sourceTree = "<group>"; };
		9DC306B219E7F1380052F5F1 /* ViewController.swift */ = {isa = PBXFileReference; lastKnownFileType = sourcecode.swift; path = ViewController.swift; sourceTree = "<group>"; };
		9DC306B519E7F1380052F5F1 /* Base */ = {isa = PBXFileReference; lastKnownFileType = file.storyboard; name = Base; path = Base.lproj/Main.storyboard; sourceTree = "<group>"; };
		9DC306B719E7F1380052F5F1 /* Images.xcassets */ = {isa = PBXFileReference; lastKnownFileType = folder.assetcatalog; path = Images.xcassets; sourceTree = "<group>"; };
		9DC306BA19E7F1380052F5F1 /* Base */ = {isa = PBXFileReference; lastKnownFileType = file.xib; name = Base; path = Base.lproj/LaunchScreen.xib; sourceTree = "<group>"; };
		9DC306D219E7F4CD0052F5F1 /* GlyphView.swift */ = {isa = PBXFileReference; fileEncoding = 4; lastKnownFileType = sourcecode.swift; path = GlyphView.swift; sourceTree = "<group>"; };
		9DC306D419E7FB810052F5F1 /* Drawing.swift */ = {isa = PBXFileReference; fileEncoding = 4; lastKnownFileType = sourcecode.swift; path = Drawing.swift; sourceTree = "<group>"; };
		9DC306D619E7FF780052F5F1 /* DrawHelper.swift */ = {isa = PBXFileReference; fileEncoding = 4; lastKnownFileType = sourcecode.swift; path = DrawHelper.swift; sourceTree = "<group>"; };
/* End PBXFileReference section */

/* Begin PBXFrameworksBuildPhase section */
		9DC306A819E7F1380052F5F1 /* Frameworks */ = {
			isa = PBXFrameworksBuildPhase;
			buildActionMask = 2147483647;
			files = (
			);
			runOnlyForDeploymentPostprocessing = 0;
		};
/* End PBXFrameworksBuildPhase section */

/* Begin PBXGroup section */
		9DC306A219E7F1380052F5F1 = {
			isa = PBXGroup;
			children = (
				9DC306AD19E7F1380052F5F1 /* iOS2-Vorgabe */,
				9DC306AC19E7F1380052F5F1 /* Products */,
			);
			sourceTree = "<group>";
		};
		9DC306AC19E7F1380052F5F1 /* Products */ = {
			isa = PBXGroup;
			children = (
				9DC306AB19E7F1380052F5F1 /* iOS2-Vorgabe.app */,
			);
			name = Products;
			sourceTree = "<group>";
		};
		9DC306AD19E7F1380052F5F1 /* iOS2-Vorgabe */ = {
			isa = PBXGroup;
			children = (
				9DC306B019E7F1380052F5F1 /* AppDelegate.swift */,
				9DC306B219E7F1380052F5F1 /* ViewController.swift */,
				9DC306D619E7FF780052F5F1 /* DrawHelper.swift */,
				9DC306D219E7F4CD0052F5F1 /* GlyphView.swift */,
				9DC306D419E7FB810052F5F1 /* Drawing.swift */,
				9DC306B419E7F1380052F5F1 /* Main.storyboard */,
				857CFFCE2549B24C009DBB5A /* Point.swift */,
				857CFFD12549B31F009DBB5A /* Glyph.swift */,
				9DC306B719E7F1380052F5F1 /* Images.xcassets */,
				9DC306B919E7F1380052F5F1 /* LaunchScreen.xib */,
				857CFFD72549B4CF009DBB5A /* Square.swift */,
				857CFFE32549BD87009DBB5A /* Circle.swift */,
				857CFFE62549BDA8009DBB5A /* Triangle.swift */,
				850F56F22556EC630015DEE6 /* Rhombus.swift */,
				9DC306AE19E7F1380052F5F1 /* Supporting Files */,
			);
			path = "iOS2-Vorgabe";
			sourceTree = "<group>";
		};
		9DC306AE19E7F1380052F5F1 /* Supporting Files */ = {
			isa = PBXGroup;
			children = (
				9DC306AF19E7F1380052F5F1 /* Info.plist */,
			);
			name = "Supporting Files";
			sourceTree = "<group>";
		};
/* End PBXGroup section */

/* Begin PBXNativeTarget section */
		9DC306AA19E7F1380052F5F1 /* iOS2-Vorgabe */ = {
			isa = PBXNativeTarget;
			buildConfigurationList = 9DC306CA19E7F1380052F5F1 /* Build configuration list for PBXNativeTarget "iOS2-Vorgabe" */;
			buildPhases = (
				9DC306A719E7F1380052F5F1 /* Sources */,
				9DC306A819E7F1380052F5F1 /* Frameworks */,
				9DC306A919E7F1380052F5F1 /* Resources */,
			);
			buildRules = (
			);
			dependencies = (
			);
			name = "iOS2-Vorgabe";
			productName = "Ue2-Vorgabe";
			productReference = 9DC306AB19E7F1380052F5F1 /* iOS2-Vorgabe.app */;
			productType = "com.apple.product-type.application";
		};
/* End PBXNativeTarget section */

/* Begin PBXProject section */
		9DC306A319E7F1380052F5F1 /* Project object */ = {
			isa = PBXProject;
			attributes = {
				LastSwiftMigration = 0700;
				LastSwiftUpdateCheck = 0700;
				LastUpgradeCheck = 1200;
				ORGANIZATIONNAME = "Klaus Jung";
				TargetAttributes = {
					9DC306AA19E7F1380052F5F1 = {
						CreatedOnToolsVersion = 6.0.1;
						LastSwiftMigration = 1030;
						ProvisioningStyle = Automatic;
					};
				};
			};
			buildConfigurationList = 9DC306A619E7F1380052F5F1 /* Build configuration list for PBXProject "iOS2-Vorgabe" */;
			compatibilityVersion = "Xcode 3.2";
			developmentRegion = en;
			hasScannedForEncodings = 0;
			knownRegions = (
				en,
				Base,
			);
			mainGroup = 9DC306A219E7F1380052F5F1;
			productRefGroup = 9DC306AC19E7F1380052F5F1 /* Products */;
			projectDirPath = "";
			projectRoot = "";
			targets = (
				9DC306AA19E7F1380052F5F1 /* iOS2-Vorgabe */,
			);
		};
/* End PBXProject section */

/* Begin PBXResourcesBuildPhase section */
		9DC306A919E7F1380052F5F1 /* Resources */ = {
			isa = PBXResourcesBuildPhase;
			buildActionMask = 2147483647;
			files = (
				9DC306B619E7F1380052F5F1 /* Main.storyboard in Resources */,
				9DC306BB19E7F1380052F5F1 /* LaunchScreen.xib in Resources */,
				9DC306B819E7F1380052F5F1 /* Images.xcassets in Resources */,
			);
			runOnlyForDeploymentPostprocessing = 0;
		};
/* End PBXResourcesBuildPhase section */

/* Begin PBXSourcesBuildPhase section */
		9DC306A719E7F1380052F5F1 /* Sources */ = {
			isa = PBXSourcesBuildPhase;
			buildActionMask = 2147483647;
			files = (
				857CFFD82549B4CF009DBB5A /* Square.swift in Sources */,
				850F56F32556EC630015DEE6 /* Rhombus.swift in Sources */,
				9DC306D519E7FB810052F5F1 /* Drawing.swift in Sources */,
				857CFFE42549BD87009DBB5A /* Circle.swift in Sources */,
				9DC306B319E7F1380052F5F1 /* ViewController.swift in Sources */,
				857CFFD22549B31F009DBB5A /* Glyph.swift in Sources */,
				857CFFCF2549B24C009DBB5A /* Point.swift in Sources */,
				9DC306D719E7FF780052F5F1 /* DrawHelper.swift in Sources */,
				857CFFE72549BDA8009DBB5A /* Triangle.swift in Sources */,
				9DC306D319E7F4CD0052F5F1 /* GlyphView.swift in Sources */,
				9DC306B119E7F1380052F5F1 /* AppDelegate.swift in Sources */,
			);
			runOnlyForDeploymentPostprocessing = 0;
		};
/* End PBXSourcesBuildPhase section */

/* Begin PBXVariantGroup section */
		9DC306B419E7F1380052F5F1 /* Main.storyboard */ = {
			isa = PBXVariantGroup;
			children = (
				9DC306B519E7F1380052F5F1 /* Base */,
			);
			name = Main.storyboard;
			sourceTree = "<group>";
		};
		9DC306B919E7F1380052F5F1 /* LaunchScreen.xib */ = {
			isa = PBXVariantGroup;
			children = (
				9DC306BA19E7F1380052F5F1 /* Base */,
			);
			name = LaunchScreen.xib;
			sourceTree = "<group>";
		};
/* End PBXVariantGroup section */

/* Begin XCBuildConfiguration section */
		9DC306C819E7F1380052F5F1 /* Debug */ = {
			isa = XCBuildConfiguration;
			buildSettings = {
				ALWAYS_SEARCH_USER_PATHS = NO;
				CLANG_ANALYZER_LOCALIZABILITY_NONLOCALIZED = YES;
				CLANG_CXX_LANGUAGE_STANDARD = "gnu++0x";
				CLANG_CXX_LIBRARY = "libc++";
				CLANG_ENABLE_MODULES = YES;
				CLANG_ENABLE_OBJC_ARC = YES;
				CLANG_WARN_BLOCK_CAPTURE_AUTORELEASING = YES;
				CLANG_WARN_BOOL_CONVERSION = YES;
				CLANG_WARN_COMMA = YES;
				CLANG_WARN_CONSTANT_CONVERSION = YES;
				CLANG_WARN_DEPRECATED_OBJC_IMPLEMENTATIONS = YES;
				CLANG_WARN_DIRECT_OBJC_ISA_USAGE = YES_ERROR;
				CLANG_WARN_EMPTY_BODY = YES;
				CLANG_WARN_ENUM_CONVERSION = YES;
				CLANG_WARN_INFINITE_RECURSION = YES;
				CLANG_WARN_INT_CONVERSION = YES;
				CLANG_WARN_NON_LITERAL_NULL_CONVERSION = YES;
				CLANG_WARN_OBJC_IMPLICIT_RETAIN_SELF = YES;
				CLANG_WARN_OBJC_LITERAL_CONVERSION = YES;
				CLANG_WARN_OBJC_ROOT_CLASS = YES_ERROR;
				CLANG_WARN_QUOTED_INCLUDE_IN_FRAMEWORK_HEADER = YES;
				CLANG_WARN_RANGE_LOOP_ANALYSIS = YES;
				CLANG_WARN_STRICT_PROTOTYPES = YES;
				CLANG_WARN_SUSPICIOUS_MOVE = YES;
				CLANG_WARN_UNREACHABLE_CODE = YES;
				CLANG_WARN__DUPLICATE_METHOD_MATCH = YES;
				"CODE_SIGN_IDENTITY[sdk=iphoneos*]" = "iPhone Developer";
				COPY_PHASE_STRIP = NO;
				ENABLE_STRICT_OBJC_MSGSEND = YES;
				ENABLE_TESTABILITY = YES;
				GCC_C_LANGUAGE_STANDARD = gnu99;
				GCC_DYNAMIC_NO_PIC = NO;
				GCC_NO_COMMON_BLOCKS = YES;
				GCC_OPTIMIZATION_LEVEL = 0;
				GCC_PREPROCESSOR_DEFINITIONS = (
					"DEBUG=1",
					"$(inherited)",
				);
				GCC_SYMBOLS_PRIVATE_EXTERN = NO;
				GCC_WARN_64_TO_32_BIT_CONVERSION = YES;
				GCC_WARN_ABOUT_RETURN_TYPE = YES_ERROR;
				GCC_WARN_UNDECLARED_SELECTOR = YES;
				GCC_WARN_UNINITIALIZED_AUTOS = YES_AGGRESSIVE;
				GCC_WARN_UNUSED_FUNCTION = YES;
				GCC_WARN_UNUSED_VARIABLE = YES;
				IPHONEOS_DEPLOYMENT_TARGET = 12.0;
				MTL_ENABLE_DEBUG_INFO = YES;
				ONLY_ACTIVE_ARCH = YES;
				SDKROOT = iphoneos;
				SWIFT_OPTIMIZATION_LEVEL = "-Onone";
			};
			name = Debug;
		};
		9DC306C919E7F1380052F5F1 /* Release */ = {
			isa = XCBuildConfiguration;
			buildSettings = {
				ALWAYS_SEARCH_USER_PATHS = NO;
				CLANG_ANALYZER_LOCALIZABILITY_NONLOCALIZED = YES;
				CLANG_CXX_LANGUAGE_STANDARD = "gnu++0x";
				CLANG_CXX_LIBRARY = "libc++";
				CLANG_ENABLE_MODULES = YES;
				CLANG_ENABLE_OBJC_ARC = YES;
				CLANG_WARN_BLOCK_CAPTURE_AUTORELEASING = YES;
				CLANG_WARN_BOOL_CONVERSION = YES;
				CLANG_WARN_COMMA = YES;
				CLANG_WARN_CONSTANT_CONVERSION = YES;
				CLANG_WARN_DEPRECATED_OBJC_IMPLEMENTATIONS = YES;
				CLANG_WARN_DIRECT_OBJC_ISA_USAGE = YES_ERROR;
				CLANG_WARN_EMPTY_BODY = YES;
				CLANG_WARN_ENUM_CONVERSION = YES;
				CLANG_WARN_INFINITE_RECURSION = YES;
				CLANG_WARN_INT_CONVERSION = YES;
				CLANG_WARN_NON_LITERAL_NULL_CONVERSION = YES;
				CLANG_WARN_OBJC_IMPLICIT_RETAIN_SELF = YES;
				CLANG_WARN_OBJC_LITERAL_CONVERSION = YES;
				CLANG_WARN_OBJC_ROOT_CLASS = YES_ERROR;
				CLANG_WARN_QUOTED_INCLUDE_IN_FRAMEWORK_HEADER = YES;
				CLANG_WARN_RANGE_LOOP_ANALYSIS = YES;
				CLANG_WARN_STRICT_PROTOTYPES = YES;
				CLANG_WARN_SUSPICIOUS_MOVE = YES;
				CLANG_WARN_UNREACHABLE_CODE = YES;
				CLANG_WARN__DUPLICATE_METHOD_MATCH = YES;
				"CODE_SIGN_IDENTITY[sdk=iphoneos*]" = "iPhone Developer";
				COPY_PHASE_STRIP = YES;
				ENABLE_NS_ASSERTIONS = NO;
				ENABLE_STRICT_OBJC_MSGSEND = YES;
				GCC_C_LANGUAGE_STANDARD = gnu99;
				GCC_NO_COMMON_BLOCKS = YES;
				GCC_WARN_64_TO_32_BIT_CONVERSION = YES;
				GCC_WARN_ABOUT_RETURN_TYPE = YES_ERROR;
				GCC_WARN_UNDECLARED_SELECTOR = YES;
				GCC_WARN_UNINITIALIZED_AUTOS = YES_AGGRESSIVE;
				GCC_WARN_UNUSED_FUNCTION = YES;
				GCC_WARN_UNUSED_VARIABLE = YES;
				IPHONEOS_DEPLOYMENT_TARGET = 12.0;
				MTL_ENABLE_DEBUG_INFO = NO;
				SDKROOT = iphoneos;
				SWIFT_OPTIMIZATION_LEVEL = "-Owholemodule";
				VALIDATE_PRODUCT = YES;
			};
			name = Release;
		};
		9DC306CB19E7F1380052F5F1 /* Debug */ = {
			isa = XCBuildConfiguration;
			buildSettings = {
				ASSETCATALOG_COMPILER_APPICON_NAME = AppIcon;
				CODE_SIGN_IDENTITY = "Apple Development";
				"CODE_SIGN_IDENTITY[sdk=iphoneos*]" = "";
				CODE_SIGN_STYLE = Automatic;
				DEVELOPMENT_TEAM = "";
				INFOPLIST_FILE = "iOS2-Vorgabe/Info.plist";
				LD_RUNPATH_SEARCH_PATHS = "$(inherited) @executable_path/Frameworks";
				PRODUCT_BUNDLE_IDENTIFIER = "de.klausjung.iOS2-Vorgabe";
				PRODUCT_NAME = "$(TARGET_NAME)";
				PROVISIONING_PROFILE_SPECIFIER = "";
				SWIFT_VERSION = 5.0;
			};
			name = Debug;
		};
		9DC306CC19E7F1380052F5F1 /* Release */ = {
			isa = XCBuildConfiguration;
			buildSettings = {
				ASSETCATALOG_COMPILER_APPICON_NAME = AppIcon;
				CODE_SIGN_IDENTITY = "Apple Development";
				"CODE_SIGN_IDENTITY[sdk=iphoneos*]" = "";
				CODE_SIGN_STYLE = Automatic;
				DEVELOPMENT_TEAM = "";
				INFOPLIST_FILE = "iOS2-Vorgabe/Info.plist";
				LD_RUNPATH_SEARCH_PATHS = "$(inherited) @executable_path/Frameworks";
				PRODUCT_BUNDLE_IDENTIFIER = "de.klausjung.iOS2-Vorgabe";
				PRODUCT_NAME = "$(TARGET_NAME)";
				PROVISIONING_PROFILE_SPECIFIER = "";
				SWIFT_VERSION = 5.0;
			};
			name = Release;
		};
/* End XCBuildConfiguration section */

/* Begin XCConfigurationList section */
		9DC306A619E7F1380052F5F1 /* Build configuration list for PBXProject "iOS2-Vorgabe" */ = {
			isa = XCConfigurationList;
			buildConfigurations = (
				9DC306C819E7F1380052F5F1 /* Debug */,
				9DC306C919E7F1380052F5F1 /* Release */,
			);
			defaultConfigurationIsVisible = 0;
			defaultConfigurationName = Release;
		};
		9DC306CA19E7F1380052F5F1 /* Build configuration list for PBXNativeTarget "iOS2-Vorgabe" */ = {
			isa = XCConfigurationList;
			buildConfigurations = (
				9DC306CB19E7F1380052F5F1 /* Debug */,
				9DC306CC19E7F1380052F5F1 /* Release */,
			);
			defaultConfigurationIsVisible = 0;
			defaultConfigurationName = Release;
		};
/* End XCConfigurationList section */
	};
	rootObject = 9DC306A319E7F1380052F5F1 /* Project object */;
}
